
Microsoft Visual Studio Solution File, Format Version 12.00
# Visual Studio Version 16
VisualStudioVersion = 16.0.31019.35
MinimumVisualStudioVersion = 10.0.40219.1
Project("{FAE04EC0-301F-11D3-BF4B-00C04F79EFBC}") = "Tower Defense Game", "Tower Defense Game.csproj", "{63F605BA-9239-47B1-9DA8-94348CFE48D3}"
EndProject
Global
	GlobalSection(SolutionConfigurationPlatforms) = preSolution
		Debug|Any CPU = Debug|Any CPU
		Release|Any CPU = Release|Any CPU
	EndGlobalSection
	GlobalSection(ProjectConfigurationPlatforms) = postSolution
		{63F605BA-9239-47B1-9DA8-94348CFE48D3}.Debug|Any CPU.ActiveCfg = Debug|Any CPU
		{63F605BA-9239-47B1-9DA8-94348CFE48D3}.Debug|Any CPU.Build.0 = Debug|Any CPU
		{63F605BA-9239-47B1-9DA8-94348CFE48D3}.Release|Any CPU.ActiveCfg = Release|Any CPU
		{63F605BA-9239-47B1-9DA8-94348CFE48D3}.Release|Any CPU.Build.0 = Release|Any CPU
	EndGlobalSection
	GlobalSection(SolutionProperties) = preSolution
		HideSolutionNode = FALSE
	EndGlobalSection
	GlobalSection(ExtensibilityGlobals) = postSolution
		SolutionGuid = {86B7D3CC-D364-4FDA-A74D-97ED3CE149A7}
	EndGlobalSection
EndGlobal
